
Microsoft Visual Studio Solution File, Format Version 12.00
# Visual Studio Version 17
VisualStudioVersion = 17.14.36429.23 d17.14
MinimumVisualStudioVersion = 10.0.40219.1
Project("{FAE04EC0-301F-11D3-BF4B-00C04F79EFBC}") = "вычисление заданных величин", "вычисление заданных величин.csproj", "{5AE99FB4-9E22-421F-B5B6-5C89474673EE}"
EndProject
Global
	GlobalSection(SolutionConfigurationPlatforms) = preSolution
		Debug|Any CPU = Debug|Any CPU
		Release|Any CPU = Release|Any CPU
	EndGlobalSection
	GlobalSection(ProjectConfigurationPlatforms) = postSolution
		{5AE99FB4-9E22-421F-B5B6-5C89474673EE}.Debug|Any CPU.ActiveCfg = Debug|Any CPU
		{5AE99FB4-9E22-421F-B5B6-5C89474673EE}.Debug|Any CPU.Build.0 = Debug|Any CPU
		{5AE99FB4-9E22-421F-B5B6-5C89474673EE}.Release|Any CPU.ActiveCfg = Release|Any CPU
		{5AE99FB4-9E22-421F-B5B6-5C89474673EE}.Release|Any CPU.Build.0 = Release|Any CPU
	EndGlobalSection
	GlobalSection(SolutionProperties) = preSolution
		HideSolutionNode = FALSE
	EndGlobalSection
	GlobalSection(ExtensibilityGlobals) = postSolution
		SolutionGuid = {1FD38E58-F4B0-4F7D-AE09-CC1393A52FBE}
	EndGlobalSection
EndGlobal
