
Microsoft Visual Studio Solution File, Format Version 12.00
# Visual Studio Version 17
VisualStudioVersion = 17.14.36429.23 d17.14
MinimumVisualStudioVersion = 10.0.40219.1
Project("{FAE04EC0-301F-11D3-BF4B-00C04F79EFBC}") = "11-1", "11-1.csproj", "{28587C5B-74E7-452A-9A8B-DDDA7D7CC2B7}"
EndProject
Global
	GlobalSection(SolutionConfigurationPlatforms) = preSolution
		Debug|Any CPU = Debug|Any CPU
		Release|Any CPU = Release|Any CPU
	EndGlobalSection
	GlobalSection(ProjectConfigurationPlatforms) = postSolution
		{28587C5B-74E7-452A-9A8B-DDDA7D7CC2B7}.Debug|Any CPU.ActiveCfg = Debug|Any CPU
		{28587C5B-74E7-452A-9A8B-DDDA7D7CC2B7}.Debug|Any CPU.Build.0 = Debug|Any CPU
		{28587C5B-74E7-452A-9A8B-DDDA7D7CC2B7}.Release|Any CPU.ActiveCfg = Release|Any CPU
		{28587C5B-74E7-452A-9A8B-DDDA7D7CC2B7}.Release|Any CPU.Build.0 = Release|Any CPU
	EndGlobalSection
	GlobalSection(SolutionProperties) = preSolution
		HideSolutionNode = FALSE
	EndGlobalSection
	GlobalSection(ExtensibilityGlobals) = postSolution
		SolutionGuid = {AAD03455-838C-4702-B2B9-AADF01F72883}
	EndGlobalSection
EndGlobal
