
Microsoft Visual Studio Solution File, Format Version 12.00
# Visual Studio Version 17
VisualStudioVersion = 17.14.36429.23 d17.14
MinimumVisualStudioVersion = 10.0.40219.1
Project("{FAE04EC0-301F-11D3-BF4B-00C04F79EFBC}") = "10-6", "10-6.csproj", "{BAC01C33-DC82-4E6D-84D0-8B6C19A58051}"
EndProject
Global
	GlobalSection(SolutionConfigurationPlatforms) = preSolution
		Debug|Any CPU = Debug|Any CPU
		Release|Any CPU = Release|Any CPU
	EndGlobalSection
	GlobalSection(ProjectConfigurationPlatforms) = postSolution
		{BAC01C33-DC82-4E6D-84D0-8B6C19A58051}.Debug|Any CPU.ActiveCfg = Debug|Any CPU
		{BAC01C33-DC82-4E6D-84D0-8B6C19A58051}.Debug|Any CPU.Build.0 = Debug|Any CPU
		{BAC01C33-DC82-4E6D-84D0-8B6C19A58051}.Release|Any CPU.ActiveCfg = Release|Any CPU
		{BAC01C33-DC82-4E6D-84D0-8B6C19A58051}.Release|Any CPU.Build.0 = Release|Any CPU
	EndGlobalSection
	GlobalSection(SolutionProperties) = preSolution
		HideSolutionNode = FALSE
	EndGlobalSection
	GlobalSection(ExtensibilityGlobals) = postSolution
		SolutionGuid = {9E7259C7-59AD-458F-AE2A-C97AD0AE7BCB}
	EndGlobalSection
EndGlobal
